
Microsoft Visual Studio Solution File, Format Version 12.00
# Visual Studio Version 17
VisualStudioVersion = 17.4.33103.184
MinimumVisualStudioVersion = 10.0.40219.1
Project("{9A19103F-16F7-4668-BE54-9A1E7A4F7556}") = "WebDevAPI", "WebDevAPI\WebDevAPI.csproj", "{4520F08E-A049-4C85-BFDE-3FBAA34EDCAA}"
EndProject
Global
	GlobalSection(SolutionConfigurationPlatforms) = preSolution
		Debug|Any CPU = Debug|Any CPU
		Release|Any CPU = Release|Any CPU
	EndGlobalSection
	GlobalSection(ProjectConfigurationPlatforms) = postSolution
		{4520F08E-A049-4C85-BFDE-3FBAA34EDCAA}.Debug|Any CPU.ActiveCfg = Debug|Any CPU
		{4520F08E-A049-4C85-BFDE-3FBAA34EDCAA}.Debug|Any CPU.Build.0 = Debug|Any CPU
		{4520F08E-A049-4C85-BFDE-3FBAA34EDCAA}.Release|Any CPU.ActiveCfg = Release|Any CPU
		{4520F08E-A049-4C85-BFDE-3FBAA34EDCAA}.Release|Any CPU.Build.0 = Release|Any CPU
	EndGlobalSection
	GlobalSection(SolutionProperties) = preSolution
		HideSolutionNode = FALSE
	EndGlobalSection
	GlobalSection(ExtensibilityGlobals) = postSolution
		SolutionGuid = {791072EE-48B6-4CB5-B22A-223CCB1E7830}
	EndGlobalSection
EndGlobal
